# This file was autogenerated by Stack.
# You should not edit this file by hand.
# For more information, please see the documentation at:
#   https://docs.haskellstack.org/en/stable/lock_files

packages:
- completed:
    hackage: weierstrass-functions-0.1.3.0@sha256:fef235a3bddf45bd988dc9c1b1abc4bae7367216a73eb6b58dc522a68aabfdc8,1914
    pantry-tree:
      sha256: a4448dc301966a04f4d5d209d146ad5e9a559a40261984f33173d8112b7fbed2
      size: 556
  original:
    hackage: weierstrass-functions-0.1.3.0
- completed:
    hackage: elliptic-integrals-0.1.0.1@sha256:596f67b9e7be8882308a398c7a6a6e6cf3d196839db4a1e21667392f09f714f1,1484
    pantry-tree:
      sha256: 2eaaa174b2693b8f8d156dc50b7671df7a3f9a9b87cb4cda31110c818dcb1a6a
      size: 674
  original:
    hackage: elliptic-integrals-0.1.0.1
- completed:
    hackage: jacobi-theta-0.1.2.0@sha256:b868599c1e17bafb8720265fd49f4251061e8c433f900b19bd521015d91851d7,1533
    pantry-tree:
      sha256: 6f16972c5f020293296c4940f5a59ebff7f1990742bd0a7836525ed6efc01b52
      size: 429
  original:
    hackage: jacobi-theta-0.1.2.0
- completed:
    hackage: gamma-0.10.0.0@sha256:0d666fc486899a2e22f44aec1aa32c168e0803e6c2ddb266a18a07700ca5d95b,2051
    pantry-tree:
      sha256: 696ffa11ea5b4f707aadeea0453ff89e938d4a55fc8629d9700b37d07aeda2bb
      size: 925
  original:
    hackage: gamma-0.10.0.0
- completed:
    hackage: continued-fractions-0.10.0.2@sha256:82808ad1721046ca406659331402c5d894946d974f9ba4925931e9c7e6934549,1782
    pantry-tree:
      sha256: a71c87f48b29acb49ae1d85ce4a0fd86763411657c5bcadec78abb070ac6b94c
      size: 400
  original:
    hackage: continued-fractions-0.10.0.2
- completed:
    hackage: converge-0.1.0.1@sha256:47e5534a30ab798062012c003df12efcb9b3fbc63ac4f80525dcfc70737f1dc0,1203
    pantry-tree:
      sha256: ab6d6806d42f704168db1e9a52893daff67fd2d5b98f915a17e69d158492ccf6
      size: 176
  original:
    hackage: converge-0.1.0.1
- completed:
    hackage: numeric-tools-0.2.0.1@sha256:dbf0191b3495570694b32a3c6f336da427008c550ea8753b5ca485af8bcf2985,1894
    pantry-tree:
      sha256: e4f96ece284c5954a73bb8ea9c22b9efb39e7da5fdd68e415b20d9f1d43dc43c
      size: 851
  original:
    hackage: numeric-tools-0.2.0.1
- completed:
    hackage: hsluv-haskell-0.1.0.0@sha256:b702020bbaf0a17467ac3416542e0bbc91587378340db9119ed4f9193e8cb1dd,1242
    pantry-tree:
      sha256: 8b5e1a1894832d09c1a1f1c72a6af0e3d43ee629fbf886fe17add1f9f1da070b
      size: 474
  original:
    hackage: hsluv-haskell-0.1.0.0
- completed:
    hackage: BesselJ-0.2.0.0@sha256:743c77661c9106c522639e99611915913d53ed857dfc658a6448596de6969e20,2233
    pantry-tree:
      sha256: 01965478d750700a3bdacecbb1afd374b0ca935d804b1d180056529baedea667
      size: 601
  original:
    hackage: BesselJ-0.2.0.0
- completed:
    hackage: numerical-integration-0.1.2.3@sha256:cf03eafe4492cddeb69ab8a2d68bc4dc8e3e21a49f7218f959cf1f4681e1fb79,17313
    pantry-tree:
      sha256: ee06239903d4d62b709527e7aaa52e296a093d88bb4fe9a1a975be0b08b522cd
      size: 20104
  original:
    hackage: numerical-integration-0.1.2.3
snapshots:
- completed:
    sha256: 5a59b2a405b3aba3c00188453be172b85893cab8ebc352b1ef58b0eae5d248a2
    size: 650475
    url: https://raw.githubusercontent.com/commercialhaskell/stackage-snapshots/master/lts/20/26.yaml
  original: lts-20.26
